{
  "lockfileVersion": 1,
  "configVersion": 1,
  "workspaces": {
    "": {
      "name": "gensaku-kizuna-monorepo",
      "devDependencies": {
        "@biomejs/biome": "1.5.3",
        "bun-types": "latest",
        "typescript": "^5.0.0",
      },
    },
    "packages/bot-service": {
      "name": "@gensaku-kizuna/bot-service",
      "version": "0.1.0",
      "dependencies": {
        "@gensaku-kizuna/core-api": "workspace:*",
        "grammy": "^1.34.0",
        "hono": "^4.11.7",
        "node-cron": "^3.0.3",
        "zod": "^3.24.1",
      },
      "devDependencies": {
        "@types/node-cron": "^3.0.11",
        "bun-types": "latest",
      },
      "peerDependencies": {
        "typescript": "^5.0.0",
      },
    },
    "packages/core-api": {
      "name": "@gensaku-kizuna/core-api",
      "version": "0.1.0",
      "dependencies": {
        "hono": "^4.11.7",
        "node-cron": "^4.2.1",
        "zod": "^4.3.6",
      },
      "devDependencies": {
        "@types/bun": "^1.3.8",
        "@types/node-cron": "^3.0.11",
        "bun-types": "latest",
      },
      "peerDependencies": {
        "typescript": "^5.0.0",
      },
    },
  },
  "packages": {
    "@biomejs/biome": ["@biomejs/biome@1.5.3", "https://registry.npmmirror.com/@biomejs/biome/-/biome-1.5.3.tgz", { "optionalDependencies": { "@biomejs/cli-darwin-arm64": "1.5.3", "@biomejs/cli-darwin-x64": "1.5.3", "@biomejs/cli-linux-arm64": "1.5.3", "@biomejs/cli-linux-arm64-musl": "1.5.3", "@biomejs/cli-linux-x64": "1.5.3", "@biomejs/cli-linux-x64-musl": "1.5.3", "@biomejs/cli-win32-arm64": "1.5.3", "@biomejs/cli-win32-x64": "1.5.3" }, "bin": { "biome": "bin/biome" } }, "sha512-yvZCa/g3akwTaAQ7PCwPWDCkZs3Qa5ONg/fgOUT9e6wAWsPftCjLQFPXBeGxPK30yZSSpgEmRCfpGTmVbUjGgg=="],

    "@biomejs/cli-darwin-arm64": ["@biomejs/cli-darwin-arm64@1.5.3", "https://registry.npmmirror.com/@biomejs/cli-darwin-arm64/-/cli-darwin-arm64-1.5.3.tgz", { "os": "darwin", "cpu": "arm64" }, "sha512-ImU7mh1HghEDyqNmxEZBoMPr8SxekkZuYcs+gynKlNW+TALQs7swkERiBLkG9NR0K1B3/2uVzlvYowXrmlW8hw=="],

    "@biomejs/cli-darwin-x64": ["@biomejs/cli-darwin-x64@1.5.3", "https://registry.npmmirror.com/@biomejs/cli-darwin-x64/-/cli-darwin-x64-1.5.3.tgz", { "os": "darwin", "cpu": "x64" }, "sha512-vCdASqYnlpq/swErH7FD6nrFz0czFtK4k/iLgj0/+VmZVjineFPgevOb+Sr9vz0tk0GfdQO60bSpI74zU8M9Dw=="],

    "@biomejs/cli-linux-arm64": ["@biomejs/cli-linux-arm64@1.5.3", "https://registry.npmmirror.com/@biomejs/cli-linux-arm64/-/cli-linux-arm64-1.5.3.tgz", { "os": "linux", "cpu": "arm64" }, "sha512-cupBQv0sNF1OKqBfx7EDWMSsKwRrBUZfjXawT4s6hKV6ALq7p0QzWlxr/sDmbKMLOaLQtw2Qgu/77N9rm+f9Rg=="],

    "@biomejs/cli-linux-arm64-musl": ["@biomejs/cli-linux-arm64-musl@1.5.3", "https://registry.npmmirror.com/@biomejs/cli-linux-arm64-musl/-/cli-linux-arm64-musl-1.5.3.tgz", { "os": "linux", "cpu": "arm64" }, "sha512-DYuMizUYUBYfS0IHGjDrOP1RGipqWfMGEvNEJ398zdtmCKLXaUvTimiox5dvx4X15mBK5M2m8wgWUgOP1giUpQ=="],

    "@biomejs/cli-linux-x64": ["@biomejs/cli-linux-x64@1.5.3", "https://registry.npmmirror.com/@biomejs/cli-linux-x64/-/cli-linux-x64-1.5.3.tgz", { "os": "linux", "cpu": "x64" }, "sha512-YQrSArQvcv4FYsk7Q91Yv4uuu5F8hJyORVcv3zsjCLGkjIjx2RhjYLpTL733SNL7v33GmOlZY0eFR1ko38tuUw=="],

    "@biomejs/cli-linux-x64-musl": ["@biomejs/cli-linux-x64-musl@1.5.3", "https://registry.npmmirror.com/@biomejs/cli-linux-x64-musl/-/cli-linux-x64-musl-1.5.3.tgz", { "os": "linux", "cpu": "x64" }, "sha512-UUHiAnlDqr2Y/LpvshBFhUYMWkl2/Jn+bi3U6jKuav0qWbbBKU/ByHgR4+NBxpKBYoCtWxhnmatfH1bpPIuZMw=="],

    "@biomejs/cli-win32-arm64": ["@biomejs/cli-win32-arm64@1.5.3", "https://registry.npmmirror.com/@biomejs/cli-win32-arm64/-/cli-win32-arm64-1.5.3.tgz", { "os": "win32", "cpu": "arm64" }, "sha512-HxatYH7vf/kX9nrD+pDYuV2GI9GV8EFo6cfKkahAecTuZLPxryHx1WEfJthp5eNsE0+09STGkKIKjirP0ufaZA=="],

    "@biomejs/cli-win32-x64": ["@biomejs/cli-win32-x64@1.5.3", "https://registry.npmmirror.com/@biomejs/cli-win32-x64/-/cli-win32-x64-1.5.3.tgz", { "os": "win32", "cpu": "x64" }, "sha512-fMvbSouZEASU7mZH8SIJSANDm5OqsjgtVXlbUqxwed6BP7uuHRSs396Aqwh2+VoW8fwTpp6ybIUoC9FrzB0kyA=="],

    "@gensaku-kizuna/bot-service": ["@gensaku-kizuna/bot-service@workspace:packages/bot-service"],

    "@gensaku-kizuna/core-api": ["@gensaku-kizuna/core-api@workspace:packages/core-api"],

    "@grammyjs/types": ["@grammyjs/types@3.23.0", "https://registry.npmmirror.com/@grammyjs/types/-/types-3.23.0.tgz", {}, "sha512-D3jQ4UWERPsyR3op/YFudMMIPNTU47vy7L51uO9/73tMELmjO/+LX5N36/Y0CG5IQfIsz43MxiHI5rgsK0/k+g=="],

    "@types/bun": ["@types/bun@1.3.8", "https://registry.npmmirror.com/@types/bun/-/bun-1.3.8.tgz", { "dependencies": { "bun-types": "1.3.8" } }, "sha512-3LvWJ2q5GerAXYxO2mffLTqOzEu5qnhEAlh48Vnu8WQfnmSwbgagjGZV6BoHKJztENYEDn6QmVd949W4uESRJA=="],

    "@types/node": ["@types/node@25.2.0", "https://registry.npmmirror.com/@types/node/-/node-25.2.0.tgz", { "dependencies": { "undici-types": "~7.16.0" } }, "sha512-DZ8VwRFUNzuqJ5khrvwMXHmvPe+zGayJhr2CDNiKB1WBE1ST8Djl00D0IC4vvNmHMdj6DlbYRIaFE7WHjlDl5w=="],

    "@types/node-cron": ["@types/node-cron@3.0.11", "https://registry.npmmirror.com/@types/node-cron/-/node-cron-3.0.11.tgz", {}, "sha512-0ikrnug3/IyneSHqCBeslAhlK2aBfYek1fGo4bP4QnZPmiqSGRK+Oy7ZMisLWkesffJvQ1cqAcBnJC+8+nxIAg=="],

    "abort-controller": ["abort-controller@3.0.0", "https://registry.npmmirror.com/abort-controller/-/abort-controller-3.0.0.tgz", { "dependencies": { "event-target-shim": "^5.0.0" } }, "sha512-h8lQ8tacZYnR3vNQTgibj+tODHI5/+l06Au2Pcriv/Gmet0eaj4TwWH41sO9wnHDiQsEj19q0drzdWdeAHtweg=="],

    "bun-types": ["bun-types@1.3.8", "https://registry.npmmirror.com/bun-types/-/bun-types-1.3.8.tgz", { "dependencies": { "@types/node": "*" } }, "sha512-fL99nxdOWvV4LqjmC+8Q9kW3M4QTtTR1eePs94v5ctGqU8OeceWrSUaRw3JYb7tU3FkMIAjkueehrHPPPGKi5Q=="],

    "debug": ["debug@4.4.3", "https://registry.npmmirror.com/debug/-/debug-4.4.3.tgz", { "dependencies": { "ms": "^2.1.3" } }, "sha512-RGwwWnwQvkVfavKVt22FGLw+xYSdzARwm0ru6DhTVA3umU5hZc28V3kO4stgYryrTlLpuvgI9GiijltAjNbcqA=="],

    "event-target-shim": ["event-target-shim@5.0.1", "https://registry.npmmirror.com/event-target-shim/-/event-target-shim-5.0.1.tgz", {}, "sha512-i/2XbnSz/uxRCU6+NdVJgKWDTM427+MqYbkQzD321DuCQJUqOuJKIA0IM2+W2xtYHdKOmZ4dR6fExsd4SXL+WQ=="],

    "grammy": ["grammy@1.39.3", "https://registry.npmmirror.com/grammy/-/grammy-1.39.3.tgz", { "dependencies": { "@grammyjs/types": "3.23.0", "abort-controller": "^3.0.0", "debug": "^4.4.3", "node-fetch": "^2.7.0" } }, "sha512-7arRRoOtOh9UwMwANZ475kJrWV6P3/EGNooeHlY0/SwZv4t3ZZ3Uiz9cAXK8Zg9xSdgmm8T21kx6n7SZaWvOcw=="],

    "hono": ["hono@4.11.7", "https://registry.npmmirror.com/hono/-/hono-4.11.7.tgz", {}, "sha512-l7qMiNee7t82bH3SeyUCt9UF15EVmaBvsppY2zQtrbIhl/yzBTny+YUxsVjSjQ6gaqaeVtZmGocom8TzBlA4Yw=="],

    "ms": ["ms@2.1.3", "https://registry.npmmirror.com/ms/-/ms-2.1.3.tgz", {}, "sha512-6FlzubTLZG3J2a/NVCAleEhjzq5oxgHyaCU9yYXvcLsvoVaHJq/s5xXI6/XXP6tz7R9xAOtHnSO/tXtF3WRTlA=="],

    "node-cron": ["node-cron@3.0.3", "https://registry.npmmirror.com/node-cron/-/node-cron-3.0.3.tgz", { "dependencies": { "uuid": "8.3.2" } }, "sha512-dOal67//nohNgYWb+nWmg5dkFdIwDm8EpeGYMekPMrngV3637lqnX0lbUcCtgibHTz6SEz7DAIjKvKDFYCnO1A=="],

    "node-fetch": ["node-fetch@2.7.0", "https://registry.npmmirror.com/node-fetch/-/node-fetch-2.7.0.tgz", { "dependencies": { "whatwg-url": "^5.0.0" }, "peerDependencies": { "encoding": "^0.1.0" }, "optionalPeers": ["encoding"] }, "sha512-c4FRfUm/dbcWZ7U+1Wq0AwCyFL+3nt2bEw05wfxSz+DWpWsitgmSgYmy2dQdWyKC1694ELPqMs/YzUSNozLt8A=="],

    "tr46": ["tr46@0.0.3", "https://registry.npmmirror.com/tr46/-/tr46-0.0.3.tgz", {}, "sha512-N3WMsuqV66lT30CrXNbEjx4GEwlow3v6rr4mCcv6prnfwhS01rkgyFdjPNBYd9br7LpXV1+Emh01fHnq2Gdgrw=="],

    "typescript": ["typescript@5.9.3", "https://registry.npmmirror.com/typescript/-/typescript-5.9.3.tgz", { "bin": { "tsc": "bin/tsc", "tsserver": "bin/tsserver" } }, "sha512-jl1vZzPDinLr9eUt3J/t7V6FgNEw9QjvBPdysz9KfQDD41fQrC2Y4vKQdiaUpFT4bXlb1RHhLpp8wtm6M5TgSw=="],

    "undici-types": ["undici-types@7.16.0", "https://registry.npmmirror.com/undici-types/-/undici-types-7.16.0.tgz", {}, "sha512-Zz+aZWSj8LE6zoxD+xrjh4VfkIG8Ya6LvYkZqtUQGJPZjYl53ypCaUwWqo7eI0x66KBGeRo+mlBEkMSeSZ38Nw=="],

    "uuid": ["uuid@8.3.2", "https://registry.npmmirror.com/uuid/-/uuid-8.3.2.tgz", { "bin": { "uuid": "dist/bin/uuid" } }, "sha512-+NYs2QeMWy+GWFOEm9xnn6HCDp0l7QBD7ml8zLUmJ+93Q5NF0NocErnwkTkXVFNiX3/fpC6afS8Dhb/gz7R7eg=="],

    "webidl-conversions": ["webidl-conversions@3.0.1", "https://registry.npmmirror.com/webidl-conversions/-/webidl-conversions-3.0.1.tgz", {}, "sha512-2JAn3z8AR6rjK8Sm8orRC0h/bcl/DqL7tRPdGZ4I1CjdF+EaMLmYxBHyXuKL849eucPFhvBoxMsflfOb8kxaeQ=="],

    "whatwg-url": ["whatwg-url@5.0.0", "https://registry.npmmirror.com/whatwg-url/-/whatwg-url-5.0.0.tgz", { "dependencies": { "tr46": "~0.0.3", "webidl-conversions": "^3.0.0" } }, "sha512-saE57nupxk6v3HY35+jzBwYa0rKSy0XR8JSxZPwgLr7ys0IBzhGviA1/TUGJLmSVqs8pb9AnvICXEuOHLprYTw=="],

    "zod": ["zod@3.25.76", "https://registry.npmmirror.com/zod/-/zod-3.25.76.tgz", {}, "sha512-gzUt/qt81nXsFGKIFcC3YnfEAx5NkunCfnDlvuBSSFS02bcXu4Lmea0AFIUwbLWxWPx3d9p8S5QoaujKcNQxcQ=="],

    "@gensaku-kizuna/core-api/node-cron": ["node-cron@4.2.1", "https://registry.npmmirror.com/node-cron/-/node-cron-4.2.1.tgz", {}, "sha512-lgimEHPE/QDgFlywTd8yTR61ptugX3Qer29efeyWw2rv259HtGBNn1vZVmp8lB9uo9wC0t/AT4iGqXxia+CJFg=="],

    "@gensaku-kizuna/core-api/zod": ["zod@4.3.6", "https://registry.npmmirror.com/zod/-/zod-4.3.6.tgz", {}, "sha512-rftlrkhHZOcjDwkGlnUtZZkvaPHCsDATp4pGpuOOMDaTdDDXF91wuVDJoWoPsKX/3YPQ5fHuF3STjcYyKr+Qhg=="],
  }
}
